
Microsoft Visual Studio Solution File, Format Version 12.00
# Visual Studio 14
VisualStudioVersion = 14.0.25420.1
MinimumVisualStudioVersion = 10.0.40219.1
Project("{FAE04EC0-301F-11D3-BF4B-00C04F79EFBC}") = "Engine", "Engine\Engine.csproj", "{D01C4012-57F0-47CA-AE33-4A3D747D3B99}"
EndProject
Project("{FAE04EC0-301F-11D3-BF4B-00C04F79EFBC}") = "TestingBench", "TestingBench\TestingBench.csproj", "{872E18DB-61BB-4A10-B5B2-9A4CC05A68EE}"
EndProject
Project("{FAE04EC0-301F-11D3-BF4B-00C04F79EFBC}") = "EngineTestApp", "EngineTestApp\EngineTestApp.csproj", "{5DBC6435-AA60-4737-99F5-95D3B6FB998A}"
EndProject
Global
	GlobalSection(SolutionConfigurationPlatforms) = preSolution
		Debug|Any CPU = Debug|Any CPU
		Debug|x86 = Debug|x86
		Release|Any CPU = Release|Any CPU
		Release|x86 = Release|x86
	EndGlobalSection
	GlobalSection(ProjectConfigurationPlatforms) = postSolution
		{D01C4012-57F0-47CA-AE33-4A3D747D3B99}.Debug|Any CPU.ActiveCfg = Debug|Any CPU
		{D01C4012-57F0-47CA-AE33-4A3D747D3B99}.Debug|Any CPU.Build.0 = Debug|Any CPU
		{D01C4012-57F0-47CA-AE33-4A3D747D3B99}.Debug|x86.ActiveCfg = Debug|Any CPU
		{D01C4012-57F0-47CA-AE33-4A3D747D3B99}.Debug|x86.Build.0 = Debug|Any CPU
		{D01C4012-57F0-47CA-AE33-4A3D747D3B99}.Release|Any CPU.ActiveCfg = Release|Any CPU
		{D01C4012-57F0-47CA-AE33-4A3D747D3B99}.Release|Any CPU.Build.0 = Release|Any CPU
		{D01C4012-57F0-47CA-AE33-4A3D747D3B99}.Release|x86.ActiveCfg = Release|Any CPU
		{D01C4012-57F0-47CA-AE33-4A3D747D3B99}.Release|x86.Build.0 = Release|Any CPU
		{872E18DB-61BB-4A10-B5B2-9A4CC05A68EE}.Debug|Any CPU.ActiveCfg = Debug|x86
		{872E18DB-61BB-4A10-B5B2-9A4CC05A68EE}.Debug|x86.ActiveCfg = Debug|x86
		{872E18DB-61BB-4A10-B5B2-9A4CC05A68EE}.Debug|x86.Build.0 = Debug|x86
		{872E18DB-61BB-4A10-B5B2-9A4CC05A68EE}.Release|Any CPU.ActiveCfg = Release|x86
		{872E18DB-61BB-4A10-B5B2-9A4CC05A68EE}.Release|x86.ActiveCfg = Release|x86
		{872E18DB-61BB-4A10-B5B2-9A4CC05A68EE}.Release|x86.Build.0 = Release|x86
		{5DBC6435-AA60-4737-99F5-95D3B6FB998A}.Debug|Any CPU.ActiveCfg = Debug|Any CPU
		{5DBC6435-AA60-4737-99F5-95D3B6FB998A}.Debug|Any CPU.Build.0 = Debug|Any CPU
		{5DBC6435-AA60-4737-99F5-95D3B6FB998A}.Debug|x86.ActiveCfg = Debug|Any CPU
		{5DBC6435-AA60-4737-99F5-95D3B6FB998A}.Debug|x86.Build.0 = Debug|Any CPU
		{5DBC6435-AA60-4737-99F5-95D3B6FB998A}.Release|Any CPU.ActiveCfg = Release|Any CPU
		{5DBC6435-AA60-4737-99F5-95D3B6FB998A}.Release|Any CPU.Build.0 = Release|Any CPU
		{5DBC6435-AA60-4737-99F5-95D3B6FB998A}.Release|x86.ActiveCfg = Release|Any CPU
		{5DBC6435-AA60-4737-99F5-95D3B6FB998A}.Release|x86.Build.0 = Release|Any CPU
	EndGlobalSection
	GlobalSection(SolutionProperties) = preSolution
		HideSolutionNode = FALSE
	EndGlobalSection
EndGlobal
